{
  "version": 4,
  "terraform_version": "0.12.2",
  "serial": 3,
  "lineage": "08ccc679-e5af-a8ef-05f4-08f3844a766f",
  "outputs": {},
  "resources": [
    {
      "mode": "managed",
      "type": "aws_instance",
      "name": "example",
      "provider": "provider.aws",
      "instances": [
        {
          "schema_version": 1,
          "attributes": {
            "ami": "ami-844e0bf7",
            "arn": "arn:aws:ec2:eu-west-1:978241745250:instance/i-0432157789bc3c30d",
            "associate_public_ip_address": true,
            "availability_zone": "eu-west-1b",
            "cpu_core_count": 1,
            "cpu_threads_per_core": 1,
            "credit_specification": [
              {
                "cpu_credits": "standard"
              }
            ],
            "disable_api_termination": false,
            "ebs_block_device": [],
            "ebs_optimized": false,
            "ephemeral_block_device": [],
            "get_password_data": false,
            "host_id": null,
            "iam_instance_profile": "",
            "id": "i-0432157789bc3c30d",
            "instance_initiated_shutdown_behavior": null,
            "instance_state": "running",
            "instance_type": "t2.micro",
            "ipv6_address_count": 0,
            "ipv6_addresses": [],
            "key_name": "mykey",
            "monitoring": false,
            "network_interface": [],
            "network_interface_id": null,
            "password_data": "",
            "placement_group": "",
            "primary_network_interface_id": "eni-036a4fe1424acedcf",
            "private_dns": "ip-172-31-20-82.eu-west-1.compute.internal",
            "private_ip": "172.31.20.82",
            "public_dns": "ec2-34-254-178-164.eu-west-1.compute.amazonaws.com",
            "public_ip": "34.254.178.164",
            "root_block_device": [
              {
                "delete_on_termination": true,
                "iops": 100,
                "volume_id": "vol-01cda1b73c7198063",
                "volume_size": 8,
                "volume_type": "gp2"
              }
            ],
            "security_groups": [
              "default"
            ],
            "source_dest_check": true,
            "subnet_id": "subnet-d8ee9a90",
            "tags": null,
            "tenancy": "default",
            "timeouts": null,
            "user_data": null,
            "user_data_base64": null,
            "volume_tags": {},
            "vpc_security_group_ids": [
              "sg-607def11"
            ]
          },
          "private": "eyJlMmJmYjczMC1lY2FhLTExZTYtOGY4OC0zNDM2M2JjN2M0YzAiOnsiY3JlYXRlIjo2MDAwMDAwMDAwMDAsImRlbGV0ZSI6MTIwMDAwMDAwMDAwMCwidXBkYXRlIjo2MDAwMDAwMDAwMDB9LCJzY2hlbWFfdmVyc2lvbiI6IjEifQ==",
          "depends_on": [
            "aws_key_pair.mykey"
          ]
        }
      ]
    },
    {
      "mode": "managed",
      "type": "aws_key_pair",
      "name": "mykey",
      "provider": "provider.aws",
      "instances": [
        {
          "schema_version": 1,
          "attributes": {
            "fingerprint": "e9:5a:f7:ad:ad:83:0a:f1:ba:24:51:92:70:dc:fa:60",
            "id": "mykey",
            "key_name": "mykey",
            "key_name_prefix": null,
            "public_key": "---- BEGIN SSH2 PUBLIC KEY ----\r\nComment: \"rsa-key-20190617\"\r\nAAAAB3NzaC1yc2EAAAABJQAAAQEAqndQYKa5sh/wB/KG5bTBbI9wF/WmPJEQ4IDi\r\nYUkiAs4A2Y335ymIzkUvS8Te8nPJUJ8ZWFefo3KP6cuQH/AEgQ01qW+4+vCxnlIJ\r\nWkvfJxPNW4j9QAse/wf9ezwBNiign6kK7H4lfpDh2QWvxiwhDifncIYN+S6JtBPD\r\nGddNHp/zhL2Ytc8NCzGSBXn0xZmG+kJmQHXaTxiuiywvlI5QBgESVhT63n82Qstm\r\ngVaw85n43hPN7IShw1attWe2Qt0psQI1rFcnTMLVsZ9/iM8vCrh1knPVNtQ8Z+VC\r\nfzqy/bgr5iVJ4WhQEv+eao0BuOQOKgt/CCmX30hdoD1h3s3n8Q==\r\n---- END SSH2 PUBLIC KEY ----"
          },
          "private": "eyJzY2hlbWFfdmVyc2lvbiI6IjEifQ=="
        }
      ]
    }
  ]
}
